
Microsoft Visual Studio Solution File, Format Version 12.00
# Visual Studio Version 17
VisualStudioVersion = 17.0.32126.317
MinimumVisualStudioVersion = 10.0.40219.1
Project("{FAE04EC0-301F-11D3-BF4B-00C04F79EFBC}") = "CaptureImage", "CaptureImage\CaptureImage.csproj", "{1B58D9C9-6725-4191-9B58-DAFCCC4F4717}"
EndProject
Global
	GlobalSection(SolutionConfigurationPlatforms) = preSolution
		Debug|Any CPU = Debug|Any CPU
		Release|Any CPU = Release|Any CPU
	EndGlobalSection
	GlobalSection(ProjectConfigurationPlatforms) = postSolution
		{1B58D9C9-6725-4191-9B58-DAFCCC4F4717}.Debug|Any CPU.ActiveCfg = Debug|Any CPU
		{1B58D9C9-6725-4191-9B58-DAFCCC4F4717}.Debug|Any CPU.Build.0 = Debug|Any CPU
		{1B58D9C9-6725-4191-9B58-DAFCCC4F4717}.Release|Any CPU.ActiveCfg = Release|Any CPU
		{1B58D9C9-6725-4191-9B58-DAFCCC4F4717}.Release|Any CPU.Build.0 = Release|Any CPU
	EndGlobalSection
	GlobalSection(SolutionProperties) = preSolution
		HideSolutionNode = FALSE
	EndGlobalSection
	GlobalSection(ExtensibilityGlobals) = postSolution
		SolutionGuid = {8A1E4B13-0EDB-4005-B611-CBCD9B390DCA}
	EndGlobalSection
EndGlobal
